
Microsoft Visual Studio Solution File, Format Version 12.00
# Visual Studio Version 16
VisualStudioVersion = 16.0.29806.167
MinimumVisualStudioVersion = 10.0.40219.1
Project("{9A19103F-16F7-4668-BE54-9A1E7A4F7556}") = "ConsoleApp", "ConsoleApp1\ConsoleApp.csproj", "{4C6E7D09-A8F3-4F97-A9D2-BBE0FC421920}"
EndProject
Project("{9A19103F-16F7-4668-BE54-9A1E7A4F7556}") = "UnitTests", "UnitTests\UnitTests.csproj", "{0B415757-2154-4B54-A6F7-53E66C4BEF1E}"
EndProject
Project("{FAE04EC0-301F-11D3-BF4B-00C04F79EFBC}") = "MobileApp.Android", "MobileApp\MobileApp.Android\MobileApp.Android.csproj", "{212407C2-3A9F-4D9F-B894-925304982FDE}"
EndProject
Project("{FAE04EC0-301F-11D3-BF4B-00C04F79EFBC}") = "MobileApp.iOS", "MobileApp\MobileApp.iOS\MobileApp.iOS.csproj", "{49EF50A9-0201-411D-9125-2524EBA0E97D}"
EndProject
Project("{9A19103F-16F7-4668-BE54-9A1E7A4F7556}") = "MobileApp", "MobileApp\MobileApp\MobileApp.csproj", "{7613D920-9BB8-4C55-873B-3DCE52FBE281}"
EndProject
Project("{9A19103F-16F7-4668-BE54-9A1E7A4F7556}") = "Logic", "Logic\Logic.csproj", "{140EEE9E-B0C5-4438-A5AE-1134F4688948}"
EndProject
Project("{FAE04EC0-301F-11D3-BF4B-00C04F79EFBC}") = "MobileApp.UWP", "MobileApp\MobileApp.UWP\MobileApp.UWP.csproj", "{5FAD2D62-5A5C-4447-80A5-E7C5CEBE889E}"
EndProject
Project("{2150E333-8FDC-42A3-9474-1A3956D46DE8}") = "Mobile", "Mobile", "{280F4E25-C2C2-4682-AAEF-7F90082DE3EC}"
EndProject
Global
	GlobalSection(SolutionConfigurationPlatforms) = preSolution
		Debug|Any CPU = Debug|Any CPU
		Debug|ARM = Debug|ARM
		Debug|iPhone = Debug|iPhone
		Debug|iPhoneSimulator = Debug|iPhoneSimulator
		Debug|x64 = Debug|x64
		Debug|x86 = Debug|x86
		Release|Any CPU = Release|Any CPU
		Release|ARM = Release|ARM
		Release|iPhone = Release|iPhone
		Release|iPhoneSimulator = Release|iPhoneSimulator
		Release|x64 = Release|x64
		Release|x86 = Release|x86
	EndGlobalSection
	GlobalSection(ProjectConfigurationPlatforms) = postSolution
		{4C6E7D09-A8F3-4F97-A9D2-BBE0FC421920}.Debug|Any CPU.ActiveCfg = Debug|Any CPU
		{4C6E7D09-A8F3-4F97-A9D2-BBE0FC421920}.Debug|Any CPU.Build.0 = Debug|Any CPU
		{4C6E7D09-A8F3-4F97-A9D2-BBE0FC421920}.Debug|ARM.ActiveCfg = Debug|Any CPU
		{4C6E7D09-A8F3-4F97-A9D2-BBE0FC421920}.Debug|ARM.Build.0 = Debug|Any CPU
		{4C6E7D09-A8F3-4F97-A9D2-BBE0FC421920}.Debug|iPhone.ActiveCfg = Debug|Any CPU
		{4C6E7D09-A8F3-4F97-A9D2-BBE0FC421920}.Debug|iPhone.Build.0 = Debug|Any CPU
		{4C6E7D09-A8F3-4F97-A9D2-BBE0FC421920}.Debug|iPhoneSimulator.ActiveCfg = Debug|Any CPU
		{4C6E7D09-A8F3-4F97-A9D2-BBE0FC421920}.Debug|iPhoneSimulator.Build.0 = Debug|Any CPU
		{4C6E7D09-A8F3-4F97-A9D2-BBE0FC421920}.Debug|x64.ActiveCfg = Debug|Any CPU
		{4C6E7D09-A8F3-4F97-A9D2-BBE0FC421920}.Debug|x64.Build.0 = Debug|Any CPU
		{4C6E7D09-A8F3-4F97-A9D2-BBE0FC421920}.Debug|x86.ActiveCfg = Debug|Any CPU
		{4C6E7D09-A8F3-4F97-A9D2-BBE0FC421920}.Debug|x86.Build.0 = Debug|Any CPU
		{4C6E7D09-A8F3-4F97-A9D2-BBE0FC421920}.Release|Any CPU.ActiveCfg = Release|Any CPU
		{4C6E7D09-A8F3-4F97-A9D2-BBE0FC421920}.Release|Any CPU.Build.0 = Release|Any CPU
		{4C6E7D09-A8F3-4F97-A9D2-BBE0FC421920}.Release|ARM.ActiveCfg = Release|Any CPU
		{4C6E7D09-A8F3-4F97-A9D2-BBE0FC421920}.Release|ARM.Build.0 = Release|Any CPU
		{4C6E7D09-A8F3-4F97-A9D2-BBE0FC421920}.Release|iPhone.ActiveCfg = Release|Any CPU
		{4C6E7D09-A8F3-4F97-A9D2-BBE0FC421920}.Release|iPhone.Build.0 = Release|Any CPU
		{4C6E7D09-A8F3-4F97-A9D2-BBE0FC421920}.Release|iPhoneSimulator.ActiveCfg = Release|Any CPU
		{4C6E7D09-A8F3-4F97-A9D2-BBE0FC421920}.Release|iPhoneSimulator.Build.0 = Release|Any CPU
		{4C6E7D09-A8F3-4F97-A9D2-BBE0FC421920}.Release|x64.ActiveCfg = Release|Any CPU
		{4C6E7D09-A8F3-4F97-A9D2-BBE0FC421920}.Release|x64.Build.0 = Release|Any CPU
		{4C6E7D09-A8F3-4F97-A9D2-BBE0FC421920}.Release|x86.ActiveCfg = Release|Any CPU
		{4C6E7D09-A8F3-4F97-A9D2-BBE0FC421920}.Release|x86.Build.0 = Release|Any CPU
		{0B415757-2154-4B54-A6F7-53E66C4BEF1E}.Debug|Any CPU.ActiveCfg = Debug|Any CPU
		{0B415757-2154-4B54-A6F7-53E66C4BEF1E}.Debug|Any CPU.Build.0 = Debug|Any CPU
		{0B415757-2154-4B54-A6F7-53E66C4BEF1E}.Debug|ARM.ActiveCfg = Debug|Any CPU
		{0B415757-2154-4B54-A6F7-53E66C4BEF1E}.Debug|iPhone.ActiveCfg = Debug|Any CPU
		{0B415757-2154-4B54-A6F7-53E66C4BEF1E}.Debug|iPhone.Build.0 = Debug|Any CPU
		{0B415757-2154-4B54-A6F7-53E66C4BEF1E}.Debug|iPhoneSimulator.ActiveCfg = Debug|Any CPU
		{0B415757-2154-4B54-A6F7-53E66C4BEF1E}.Debug|iPhoneSimulator.Build.0 = Debug|Any CPU
		{0B415757-2154-4B54-A6F7-53E66C4BEF1E}.Debug|x64.ActiveCfg = Debug|Any CPU
		{0B415757-2154-4B54-A6F7-53E66C4BEF1E}.Debug|x86.ActiveCfg = Debug|Any CPU
		{0B415757-2154-4B54-A6F7-53E66C4BEF1E}.Release|Any CPU.ActiveCfg = Release|Any CPU
		{0B415757-2154-4B54-A6F7-53E66C4BEF1E}.Release|Any CPU.Build.0 = Release|Any CPU
		{0B415757-2154-4B54-A6F7-53E66C4BEF1E}.Release|ARM.ActiveCfg = Release|Any CPU
		{0B415757-2154-4B54-A6F7-53E66C4BEF1E}.Release|iPhone.ActiveCfg = Release|Any CPU
		{0B415757-2154-4B54-A6F7-53E66C4BEF1E}.Release|iPhone.Build.0 = Release|Any CPU
		{0B415757-2154-4B54-A6F7-53E66C4BEF1E}.Release|iPhoneSimulator.ActiveCfg = Release|Any CPU
		{0B415757-2154-4B54-A6F7-53E66C4BEF1E}.Release|iPhoneSimulator.Build.0 = Release|Any CPU
		{0B415757-2154-4B54-A6F7-53E66C4BEF1E}.Release|x64.ActiveCfg = Release|Any CPU
		{0B415757-2154-4B54-A6F7-53E66C4BEF1E}.Release|x86.ActiveCfg = Release|Any CPU
		{212407C2-3A9F-4D9F-B894-925304982FDE}.Debug|Any CPU.ActiveCfg = Debug|Any CPU
		{212407C2-3A9F-4D9F-B894-925304982FDE}.Debug|Any CPU.Build.0 = Debug|Any CPU
		{212407C2-3A9F-4D9F-B894-925304982FDE}.Debug|Any CPU.Deploy.0 = Debug|Any CPU
		{212407C2-3A9F-4D9F-B894-925304982FDE}.Debug|ARM.ActiveCfg = Debug|Any CPU
		{212407C2-3A9F-4D9F-B894-925304982FDE}.Debug|ARM.Build.0 = Debug|Any CPU
		{212407C2-3A9F-4D9F-B894-925304982FDE}.Debug|ARM.Deploy.0 = Debug|Any CPU
		{212407C2-3A9F-4D9F-B894-925304982FDE}.Debug|iPhone.ActiveCfg = Debug|Any CPU
		{212407C2-3A9F-4D9F-B894-925304982FDE}.Debug|iPhone.Build.0 = Debug|Any CPU
		{212407C2-3A9F-4D9F-B894-925304982FDE}.Debug|iPhone.Deploy.0 = Debug|Any CPU
		{212407C2-3A9F-4D9F-B894-925304982FDE}.Debug|iPhoneSimulator.ActiveCfg = Debug|Any CPU
		{212407C2-3A9F-4D9F-B894-925304982FDE}.Debug|iPhoneSimulator.Build.0 = Debug|Any CPU
		{212407C2-3A9F-4D9F-B894-925304982FDE}.Debug|iPhoneSimulator.Deploy.0 = Debug|Any CPU
		{212407C2-3A9F-4D9F-B894-925304982FDE}.Debug|x64.ActiveCfg = Debug|Any CPU
		{212407C2-3A9F-4D9F-B894-925304982FDE}.Debug|x64.Build.0 = Debug|Any CPU
		{212407C2-3A9F-4D9F-B894-925304982FDE}.Debug|x64.Deploy.0 = Debug|Any CPU
		{212407C2-3A9F-4D9F-B894-925304982FDE}.Debug|x86.ActiveCfg = Debug|Any CPU
		{212407C2-3A9F-4D9F-B894-925304982FDE}.Debug|x86.Build.0 = Debug|Any CPU
		{212407C2-3A9F-4D9F-B894-925304982FDE}.Debug|x86.Deploy.0 = Debug|Any CPU
		{212407C2-3A9F-4D9F-B894-925304982FDE}.Release|Any CPU.ActiveCfg = Release|Any CPU
		{212407C2-3A9F-4D9F-B894-925304982FDE}.Release|Any CPU.Build.0 = Release|Any CPU
		{212407C2-3A9F-4D9F-B894-925304982FDE}.Release|Any CPU.Deploy.0 = Release|Any CPU
		{212407C2-3A9F-4D9F-B894-925304982FDE}.Release|ARM.ActiveCfg = Release|Any CPU
		{212407C2-3A9F-4D9F-B894-925304982FDE}.Release|ARM.Build.0 = Release|Any CPU
		{212407C2-3A9F-4D9F-B894-925304982FDE}.Release|ARM.Deploy.0 = Release|Any CPU
		{212407C2-3A9F-4D9F-B894-925304982FDE}.Release|iPhone.ActiveCfg = Release|Any CPU
		{212407C2-3A9F-4D9F-B894-925304982FDE}.Release|iPhone.Build.0 = Release|Any CPU
		{212407C2-3A9F-4D9F-B894-925304982FDE}.Release|iPhone.Deploy.0 = Release|Any CPU
		{212407C2-3A9F-4D9F-B894-925304982FDE}.Release|iPhoneSimulator.ActiveCfg = Release|Any CPU
		{212407C2-3A9F-4D9F-B894-925304982FDE}.Release|iPhoneSimulator.Build.0 = Release|Any CPU
		{212407C2-3A9F-4D9F-B894-925304982FDE}.Release|iPhoneSimulator.Deploy.0 = Release|Any CPU
		{212407C2-3A9F-4D9F-B894-925304982FDE}.Release|x64.ActiveCfg = Release|Any CPU
		{212407C2-3A9F-4D9F-B894-925304982FDE}.Release|x64.Build.0 = Release|Any CPU
		{212407C2-3A9F-4D9F-B894-925304982FDE}.Release|x64.Deploy.0 = Release|Any CPU
		{212407C2-3A9F-4D9F-B894-925304982FDE}.Release|x86.ActiveCfg = Release|Any CPU
		{212407C2-3A9F-4D9F-B894-925304982FDE}.Release|x86.Build.0 = Release|Any CPU
		{212407C2-3A9F-4D9F-B894-925304982FDE}.Release|x86.Deploy.0 = Release|Any CPU
		{49EF50A9-0201-411D-9125-2524EBA0E97D}.Debug|Any CPU.ActiveCfg = Debug|iPhone
		{49EF50A9-0201-411D-9125-2524EBA0E97D}.Debug|ARM.ActiveCfg = Debug|iPhoneSimulator
		{49EF50A9-0201-411D-9125-2524EBA0E97D}.Debug|iPhone.ActiveCfg = Debug|iPhone
		{49EF50A9-0201-411D-9125-2524EBA0E97D}.Debug|iPhone.Build.0 = Debug|iPhone
		{49EF50A9-0201-411D-9125-2524EBA0E97D}.Debug|iPhoneSimulator.ActiveCfg = Debug|iPhoneSimulator
		{49EF50A9-0201-411D-9125-2524EBA0E97D}.Debug|iPhoneSimulator.Build.0 = Debug|iPhoneSimulator
		{49EF50A9-0201-411D-9125-2524EBA0E97D}.Debug|x64.ActiveCfg = Debug|iPhoneSimulator
		{49EF50A9-0201-411D-9125-2524EBA0E97D}.Debug|x86.ActiveCfg = Debug|iPhoneSimulator
		{49EF50A9-0201-411D-9125-2524EBA0E97D}.Release|Any CPU.ActiveCfg = Release|iPhone
		{49EF50A9-0201-411D-9125-2524EBA0E97D}.Release|ARM.ActiveCfg = Release|iPhoneSimulator
		{49EF50A9-0201-411D-9125-2524EBA0E97D}.Release|iPhone.ActiveCfg = Release|iPhone
		{49EF50A9-0201-411D-9125-2524EBA0E97D}.Release|iPhone.Build.0 = Release|iPhone
		{49EF50A9-0201-411D-9125-2524EBA0E97D}.Release|iPhoneSimulator.ActiveCfg = Release|iPhoneSimulator
		{49EF50A9-0201-411D-9125-2524EBA0E97D}.Release|iPhoneSimulator.Build.0 = Release|iPhoneSimulator
		{49EF50A9-0201-411D-9125-2524EBA0E97D}.Release|x64.ActiveCfg = Release|iPhoneSimulator
		{49EF50A9-0201-411D-9125-2524EBA0E97D}.Release|x86.ActiveCfg = Release|iPhoneSimulator
		{7613D920-9BB8-4C55-873B-3DCE52FBE281}.Debug|Any CPU.ActiveCfg = Debug|Any CPU
		{7613D920-9BB8-4C55-873B-3DCE52FBE281}.Debug|Any CPU.Build.0 = Debug|Any CPU
		{7613D920-9BB8-4C55-873B-3DCE52FBE281}.Debug|ARM.ActiveCfg = Debug|Any CPU
		{7613D920-9BB8-4C55-873B-3DCE52FBE281}.Debug|ARM.Build.0 = Debug|Any CPU
		{7613D920-9BB8-4C55-873B-3DCE52FBE281}.Debug|iPhone.ActiveCfg = Debug|Any CPU
		{7613D920-9BB8-4C55-873B-3DCE52FBE281}.Debug|iPhone.Build.0 = Debug|Any CPU
		{7613D920-9BB8-4C55-873B-3DCE52FBE281}.Debug|iPhoneSimulator.ActiveCfg = Debug|Any CPU
		{7613D920-9BB8-4C55-873B-3DCE52FBE281}.Debug|iPhoneSimulator.Build.0 = Debug|Any CPU
		{7613D920-9BB8-4C55-873B-3DCE52FBE281}.Debug|x64.ActiveCfg = Debug|Any CPU
		{7613D920-9BB8-4C55-873B-3DCE52FBE281}.Debug|x64.Build.0 = Debug|Any CPU
		{7613D920-9BB8-4C55-873B-3DCE52FBE281}.Debug|x86.ActiveCfg = Debug|Any CPU
		{7613D920-9BB8-4C55-873B-3DCE52FBE281}.Debug|x86.Build.0 = Debug|Any CPU
		{7613D920-9BB8-4C55-873B-3DCE52FBE281}.Release|Any CPU.ActiveCfg = Release|Any CPU
		{7613D920-9BB8-4C55-873B-3DCE52FBE281}.Release|Any CPU.Build.0 = Release|Any CPU
		{7613D920-9BB8-4C55-873B-3DCE52FBE281}.Release|ARM.ActiveCfg = Release|Any CPU
		{7613D920-9BB8-4C55-873B-3DCE52FBE281}.Release|ARM.Build.0 = Release|Any CPU
		{7613D920-9BB8-4C55-873B-3DCE52FBE281}.Release|iPhone.ActiveCfg = Release|Any CPU
		{7613D920-9BB8-4C55-873B-3DCE52FBE281}.Release|iPhone.Build.0 = Release|Any CPU
		{7613D920-9BB8-4C55-873B-3DCE52FBE281}.Release|iPhoneSimulator.ActiveCfg = Release|Any CPU
		{7613D920-9BB8-4C55-873B-3DCE52FBE281}.Release|iPhoneSimulator.Build.0 = Release|Any CPU
		{7613D920-9BB8-4C55-873B-3DCE52FBE281}.Release|x64.ActiveCfg = Release|Any CPU
		{7613D920-9BB8-4C55-873B-3DCE52FBE281}.Release|x64.Build.0 = Release|Any CPU
		{7613D920-9BB8-4C55-873B-3DCE52FBE281}.Release|x86.ActiveCfg = Release|Any CPU
		{7613D920-9BB8-4C55-873B-3DCE52FBE281}.Release|x86.Build.0 = Release|Any CPU
		{140EEE9E-B0C5-4438-A5AE-1134F4688948}.Debug|Any CPU.ActiveCfg = Debug|Any CPU
		{140EEE9E-B0C5-4438-A5AE-1134F4688948}.Debug|Any CPU.Build.0 = Debug|Any CPU
		{140EEE9E-B0C5-4438-A5AE-1134F4688948}.Debug|ARM.ActiveCfg = Debug|Any CPU
		{140EEE9E-B0C5-4438-A5AE-1134F4688948}.Debug|ARM.Build.0 = Debug|Any CPU
		{140EEE9E-B0C5-4438-A5AE-1134F4688948}.Debug|iPhone.ActiveCfg = Debug|Any CPU
		{140EEE9E-B0C5-4438-A5AE-1134F4688948}.Debug|iPhone.Build.0 = Debug|Any CPU
		{140EEE9E-B0C5-4438-A5AE-1134F4688948}.Debug|iPhoneSimulator.ActiveCfg = Debug|Any CPU
		{140EEE9E-B0C5-4438-A5AE-1134F4688948}.Debug|iPhoneSimulator.Build.0 = Debug|Any CPU
		{140EEE9E-B0C5-4438-A5AE-1134F4688948}.Debug|x64.ActiveCfg = Debug|Any CPU
		{140EEE9E-B0C5-4438-A5AE-1134F4688948}.Debug|x64.Build.0 = Debug|Any CPU
		{140EEE9E-B0C5-4438-A5AE-1134F4688948}.Debug|x86.ActiveCfg = Debug|Any CPU
		{140EEE9E-B0C5-4438-A5AE-1134F4688948}.Debug|x86.Build.0 = Debug|Any CPU
		{140EEE9E-B0C5-4438-A5AE-1134F4688948}.Release|Any CPU.ActiveCfg = Release|Any CPU
		{140EEE9E-B0C5-4438-A5AE-1134F4688948}.Release|Any CPU.Build.0 = Release|Any CPU
		{140EEE9E-B0C5-4438-A5AE-1134F4688948}.Release|ARM.ActiveCfg = Release|Any CPU
		{140EEE9E-B0C5-4438-A5AE-1134F4688948}.Release|ARM.Build.0 = Release|Any CPU
		{140EEE9E-B0C5-4438-A5AE-1134F4688948}.Release|iPhone.ActiveCfg = Release|Any CPU
		{140EEE9E-B0C5-4438-A5AE-1134F4688948}.Release|iPhone.Build.0 = Release|Any CPU
		{140EEE9E-B0C5-4438-A5AE-1134F4688948}.Release|iPhoneSimulator.ActiveCfg = Release|Any CPU
		{140EEE9E-B0C5-4438-A5AE-1134F4688948}.Release|iPhoneSimulator.Build.0 = Release|Any CPU
		{140EEE9E-B0C5-4438-A5AE-1134F4688948}.Release|x64.ActiveCfg = Release|Any CPU
		{140EEE9E-B0C5-4438-A5AE-1134F4688948}.Release|x64.Build.0 = Release|Any CPU
		{140EEE9E-B0C5-4438-A5AE-1134F4688948}.Release|x86.ActiveCfg = Release|Any CPU
		{140EEE9E-B0C5-4438-A5AE-1134F4688948}.Release|x86.Build.0 = Release|Any CPU
		{5FAD2D62-5A5C-4447-80A5-E7C5CEBE889E}.Debug|Any CPU.ActiveCfg = Debug|x86
		{5FAD2D62-5A5C-4447-80A5-E7C5CEBE889E}.Debug|ARM.ActiveCfg = Debug|ARM
		{5FAD2D62-5A5C-4447-80A5-E7C5CEBE889E}.Debug|ARM.Build.0 = Debug|ARM
		{5FAD2D62-5A5C-4447-80A5-E7C5CEBE889E}.Debug|ARM.Deploy.0 = Debug|ARM
		{5FAD2D62-5A5C-4447-80A5-E7C5CEBE889E}.Debug|iPhone.ActiveCfg = Debug|x86
		{5FAD2D62-5A5C-4447-80A5-E7C5CEBE889E}.Debug|iPhoneSimulator.ActiveCfg = Debug|x86
		{5FAD2D62-5A5C-4447-80A5-E7C5CEBE889E}.Debug|x64.ActiveCfg = Debug|x64
		{5FAD2D62-5A5C-4447-80A5-E7C5CEBE889E}.Debug|x64.Build.0 = Debug|x64
		{5FAD2D62-5A5C-4447-80A5-E7C5CEBE889E}.Debug|x64.Deploy.0 = Debug|x64
		{5FAD2D62-5A5C-4447-80A5-E7C5CEBE889E}.Debug|x86.ActiveCfg = Debug|x86
		{5FAD2D62-5A5C-4447-80A5-E7C5CEBE889E}.Debug|x86.Build.0 = Debug|x86
		{5FAD2D62-5A5C-4447-80A5-E7C5CEBE889E}.Debug|x86.Deploy.0 = Debug|x86
		{5FAD2D62-5A5C-4447-80A5-E7C5CEBE889E}.Release|Any CPU.ActiveCfg = Release|x86
		{5FAD2D62-5A5C-4447-80A5-E7C5CEBE889E}.Release|ARM.ActiveCfg = Release|ARM
		{5FAD2D62-5A5C-4447-80A5-E7C5CEBE889E}.Release|ARM.Build.0 = Release|ARM
		{5FAD2D62-5A5C-4447-80A5-E7C5CEBE889E}.Release|ARM.Deploy.0 = Release|ARM
		{5FAD2D62-5A5C-4447-80A5-E7C5CEBE889E}.Release|iPhone.ActiveCfg = Release|x86
		{5FAD2D62-5A5C-4447-80A5-E7C5CEBE889E}.Release|iPhoneSimulator.ActiveCfg = Release|x86
		{5FAD2D62-5A5C-4447-80A5-E7C5CEBE889E}.Release|x64.ActiveCfg = Release|x64
		{5FAD2D62-5A5C-4447-80A5-E7C5CEBE889E}.Release|x64.Build.0 = Release|x64
		{5FAD2D62-5A5C-4447-80A5-E7C5CEBE889E}.Release|x64.Deploy.0 = Release|x64
		{5FAD2D62-5A5C-4447-80A5-E7C5CEBE889E}.Release|x86.ActiveCfg = Release|x86
		{5FAD2D62-5A5C-4447-80A5-E7C5CEBE889E}.Release|x86.Build.0 = Release|x86
		{5FAD2D62-5A5C-4447-80A5-E7C5CEBE889E}.Release|x86.Deploy.0 = Release|x86
	EndGlobalSection
	GlobalSection(SolutionProperties) = preSolution
		HideSolutionNode = FALSE
	EndGlobalSection
	GlobalSection(NestedProjects) = preSolution
		{212407C2-3A9F-4D9F-B894-925304982FDE} = {280F4E25-C2C2-4682-AAEF-7F90082DE3EC}
		{49EF50A9-0201-411D-9125-2524EBA0E97D} = {280F4E25-C2C2-4682-AAEF-7F90082DE3EC}
		{7613D920-9BB8-4C55-873B-3DCE52FBE281} = {280F4E25-C2C2-4682-AAEF-7F90082DE3EC}
		{5FAD2D62-5A5C-4447-80A5-E7C5CEBE889E} = {280F4E25-C2C2-4682-AAEF-7F90082DE3EC}
	EndGlobalSection
	GlobalSection(ExtensibilityGlobals) = postSolution
		SolutionGuid = {416A56F2-E413-465B-B9AB-351E9521402F}
	EndGlobalSection
EndGlobal
